
Microsoft Visual Studio Solution File, Format Version 12.00
# Visual Studio 15
VisualStudioVersion = 15.0.28307.489
MinimumVisualStudioVersion = 10.0.40219.1
Project("{FAE04EC0-301F-11D3-BF4B-00C04F79EFBC}") = "Base64EncodeApp", "Base64EncodeApp\Base64EncodeApp.csproj", "{BA5949FF-3947-4F0B-8CCC-B8CEEC828A87}"
EndProject
Project("{FAE04EC0-301F-11D3-BF4B-00C04F79EFBC}") = "RemusProcessMemorySmartIMLTask", "RemusProcessMemorySmartIMLTask\RemusProcessMemorySmartIMLTask.csproj", "{139FF1F3-D48C-4727-887C-8A4B9D2634BC}"
EndProject
Global
	GlobalSection(SolutionConfigurationPlatforms) = preSolution
		Debug|Any CPU = Debug|Any CPU
		Debug|x64 = Debug|x64
		Release|Any CPU = Release|Any CPU
		Release|x64 = Release|x64
	EndGlobalSection
	GlobalSection(ProjectConfigurationPlatforms) = postSolution
		{BA5949FF-3947-4F0B-8CCC-B8CEEC828A87}.Debug|Any CPU.ActiveCfg = Debug|Any CPU
		{BA5949FF-3947-4F0B-8CCC-B8CEEC828A87}.Debug|Any CPU.Build.0 = Debug|Any CPU
		{BA5949FF-3947-4F0B-8CCC-B8CEEC828A87}.Debug|x64.ActiveCfg = Debug|Any CPU
		{BA5949FF-3947-4F0B-8CCC-B8CEEC828A87}.Debug|x64.Build.0 = Debug|Any CPU
		{BA5949FF-3947-4F0B-8CCC-B8CEEC828A87}.Release|Any CPU.ActiveCfg = Release|Any CPU
		{BA5949FF-3947-4F0B-8CCC-B8CEEC828A87}.Release|Any CPU.Build.0 = Release|Any CPU
		{BA5949FF-3947-4F0B-8CCC-B8CEEC828A87}.Release|x64.ActiveCfg = Release|Any CPU
		{BA5949FF-3947-4F0B-8CCC-B8CEEC828A87}.Release|x64.Build.0 = Release|Any CPU
		{139FF1F3-D48C-4727-887C-8A4B9D2634BC}.Debug|Any CPU.ActiveCfg = Debug|Any CPU
		{139FF1F3-D48C-4727-887C-8A4B9D2634BC}.Debug|Any CPU.Build.0 = Debug|Any CPU
		{139FF1F3-D48C-4727-887C-8A4B9D2634BC}.Debug|x64.ActiveCfg = Debug|x64
		{139FF1F3-D48C-4727-887C-8A4B9D2634BC}.Debug|x64.Build.0 = Debug|x64
		{139FF1F3-D48C-4727-887C-8A4B9D2634BC}.Release|Any CPU.ActiveCfg = Release|Any CPU
		{139FF1F3-D48C-4727-887C-8A4B9D2634BC}.Release|Any CPU.Build.0 = Release|Any CPU
		{139FF1F3-D48C-4727-887C-8A4B9D2634BC}.Release|x64.ActiveCfg = Release|x64
		{139FF1F3-D48C-4727-887C-8A4B9D2634BC}.Release|x64.Build.0 = Release|x64
	EndGlobalSection
	GlobalSection(SolutionProperties) = preSolution
		HideSolutionNode = FALSE
	EndGlobalSection
	GlobalSection(ExtensibilityGlobals) = postSolution
		SolutionGuid = {19A0B7DC-AD71-4618-A0B8-2DDC95E7849F}
	EndGlobalSection
EndGlobal
